
Microsoft Visual Studio Solution File, Format Version 12.00
# Visual Studio Version 16
VisualStudioVersion = 16.0.30717.126
MinimumVisualStudioVersion = 10.0.40219.1
Project("{9A19103F-16F7-4668-BE54-9A1E7A4F7556}") = "ASPOST.Domain", "ASPOST\ASPOST.Domain.csproj", "{98EBC8A3-9008-4F19-A3AC-7EB33E2F3E3D}"
EndProject
Project("{9A19103F-16F7-4668-BE54-9A1E7A4F7556}") = "ASPOST.DataAccess", "ASPOST.DataAccess\ASPOST.DataAccess.csproj", "{2BAB17F7-639D-4FA3-AFDB-34EC9C2506A3}"
EndProject
Project("{9A19103F-16F7-4668-BE54-9A1E7A4F7556}") = "ASPOST.Implementation", "ASPOST.Implementation\ASPOST.Implementation.csproj", "{300322BA-140A-430C-A030-F8E6EA7012E6}"
EndProject
Project("{9A19103F-16F7-4668-BE54-9A1E7A4F7556}") = "ASPOST.Application", "ASPOST.Application\ASPOST.Application.csproj", "{88156356-FA3F-4FA0-926B-6272C140A812}"
EndProject
Project("{FAE04EC0-301F-11D3-BF4B-00C04F79EFBC}") = "ASPOST.Api", "ASPOST.Api\ASPOST.Api.csproj", "{D1004451-66D4-4BA3-8081-89795D852643}"
EndProject
Global
	GlobalSection(SolutionConfigurationPlatforms) = preSolution
		Debug|Any CPU = Debug|Any CPU
		Release|Any CPU = Release|Any CPU
	EndGlobalSection
	GlobalSection(ProjectConfigurationPlatforms) = postSolution
		{98EBC8A3-9008-4F19-A3AC-7EB33E2F3E3D}.Debug|Any CPU.ActiveCfg = Debug|Any CPU
		{98EBC8A3-9008-4F19-A3AC-7EB33E2F3E3D}.Debug|Any CPU.Build.0 = Debug|Any CPU
		{98EBC8A3-9008-4F19-A3AC-7EB33E2F3E3D}.Release|Any CPU.ActiveCfg = Release|Any CPU
		{98EBC8A3-9008-4F19-A3AC-7EB33E2F3E3D}.Release|Any CPU.Build.0 = Release|Any CPU
		{2BAB17F7-639D-4FA3-AFDB-34EC9C2506A3}.Debug|Any CPU.ActiveCfg = Debug|Any CPU
		{2BAB17F7-639D-4FA3-AFDB-34EC9C2506A3}.Debug|Any CPU.Build.0 = Debug|Any CPU
		{2BAB17F7-639D-4FA3-AFDB-34EC9C2506A3}.Release|Any CPU.ActiveCfg = Release|Any CPU
		{2BAB17F7-639D-4FA3-AFDB-34EC9C2506A3}.Release|Any CPU.Build.0 = Release|Any CPU
		{300322BA-140A-430C-A030-F8E6EA7012E6}.Debug|Any CPU.ActiveCfg = Debug|Any CPU
		{300322BA-140A-430C-A030-F8E6EA7012E6}.Debug|Any CPU.Build.0 = Debug|Any CPU
		{300322BA-140A-430C-A030-F8E6EA7012E6}.Release|Any CPU.ActiveCfg = Release|Any CPU
		{300322BA-140A-430C-A030-F8E6EA7012E6}.Release|Any CPU.Build.0 = Release|Any CPU
		{88156356-FA3F-4FA0-926B-6272C140A812}.Debug|Any CPU.ActiveCfg = Debug|Any CPU
		{88156356-FA3F-4FA0-926B-6272C140A812}.Debug|Any CPU.Build.0 = Debug|Any CPU
		{88156356-FA3F-4FA0-926B-6272C140A812}.Release|Any CPU.ActiveCfg = Release|Any CPU
		{88156356-FA3F-4FA0-926B-6272C140A812}.Release|Any CPU.Build.0 = Release|Any CPU
		{D1004451-66D4-4BA3-8081-89795D852643}.Debug|Any CPU.ActiveCfg = Debug|Any CPU
		{D1004451-66D4-4BA3-8081-89795D852643}.Debug|Any CPU.Build.0 = Debug|Any CPU
		{D1004451-66D4-4BA3-8081-89795D852643}.Release|Any CPU.ActiveCfg = Release|Any CPU
		{D1004451-66D4-4BA3-8081-89795D852643}.Release|Any CPU.Build.0 = Release|Any CPU
	EndGlobalSection
	GlobalSection(SolutionProperties) = preSolution
		HideSolutionNode = FALSE
	EndGlobalSection
	GlobalSection(ExtensibilityGlobals) = postSolution
		SolutionGuid = {DE83BAD7-E415-480E-954C-A8C4014F6FA1}
	EndGlobalSection
EndGlobal
